
Microsoft Visual Studio Solution File, Format Version 12.00
# Visual Studio Version 16
VisualStudioVersion = 16.0.29102.190
MinimumVisualStudioVersion = 10.0.40219.1
Project("{FAE04EC0-301F-11D3-BF4B-00C04F79EFBC}") = "CoffeeApp", "CoffeeApp\CoffeeApp.csproj", "{2558F98C-0955-40F6-BD20-F37502C8BAB7}"
EndProject
Project("{2150E333-8FDC-42A3-9474-1A3956D46DE8}") = "Core", "Core", "{37A772CA-46A4-4C91-8687-BD59F0DF1E1D}"
EndProject
Project("{2150E333-8FDC-42A3-9474-1A3956D46DE8}") = "Tests", "Tests", "{F26357D8-5D8C-4F20-A019-23108D4D15EC}"
EndProject
Project("{9A19103F-16F7-4668-BE54-9A1E7A4F7556}") = "Coffee.Core", "Coffee.Core\Coffee.Core.csproj", "{BC7A961A-8973-48C4-BC31-D534F75CB2FB}"
EndProject
Project("{9A19103F-16F7-4668-BE54-9A1E7A4F7556}") = "Coffee.Core.Test", "Coffee.Core.Test\Coffee.Core.Test.csproj", "{4929A5E4-3F70-44B3-8F1D-AFAB3B736051}"
EndProject
Project("{2150E333-8FDC-42A3-9474-1A3956D46DE8}") = "Solution Items", "Solution Items", "{F55FEEEF-20CB-453D-859A-BE2A7E5E55C9}"
	ProjectSection(SolutionItems) = preProject
		README.md = README.md
	EndProjectSection
EndProject
Global
	GlobalSection(SolutionConfigurationPlatforms) = preSolution
		Debug|Any CPU = Debug|Any CPU
		Release|Any CPU = Release|Any CPU
	EndGlobalSection
	GlobalSection(ProjectConfigurationPlatforms) = postSolution
		{2558F98C-0955-40F6-BD20-F37502C8BAB7}.Debug|Any CPU.ActiveCfg = Debug|Any CPU
		{2558F98C-0955-40F6-BD20-F37502C8BAB7}.Debug|Any CPU.Build.0 = Debug|Any CPU
		{2558F98C-0955-40F6-BD20-F37502C8BAB7}.Release|Any CPU.ActiveCfg = Release|Any CPU
		{2558F98C-0955-40F6-BD20-F37502C8BAB7}.Release|Any CPU.Build.0 = Release|Any CPU
		{BC7A961A-8973-48C4-BC31-D534F75CB2FB}.Debug|Any CPU.ActiveCfg = Debug|Any CPU
		{BC7A961A-8973-48C4-BC31-D534F75CB2FB}.Debug|Any CPU.Build.0 = Debug|Any CPU
		{BC7A961A-8973-48C4-BC31-D534F75CB2FB}.Release|Any CPU.ActiveCfg = Release|Any CPU
		{BC7A961A-8973-48C4-BC31-D534F75CB2FB}.Release|Any CPU.Build.0 = Release|Any CPU
		{4929A5E4-3F70-44B3-8F1D-AFAB3B736051}.Debug|Any CPU.ActiveCfg = Debug|Any CPU
		{4929A5E4-3F70-44B3-8F1D-AFAB3B736051}.Debug|Any CPU.Build.0 = Debug|Any CPU
		{4929A5E4-3F70-44B3-8F1D-AFAB3B736051}.Release|Any CPU.ActiveCfg = Release|Any CPU
		{4929A5E4-3F70-44B3-8F1D-AFAB3B736051}.Release|Any CPU.Build.0 = Release|Any CPU
	EndGlobalSection
	GlobalSection(SolutionProperties) = preSolution
		HideSolutionNode = FALSE
	EndGlobalSection
	GlobalSection(NestedProjects) = preSolution
		{BC7A961A-8973-48C4-BC31-D534F75CB2FB} = {37A772CA-46A4-4C91-8687-BD59F0DF1E1D}
		{4929A5E4-3F70-44B3-8F1D-AFAB3B736051} = {F26357D8-5D8C-4F20-A019-23108D4D15EC}
	EndGlobalSection
	GlobalSection(ExtensibilityGlobals) = postSolution
		SolutionGuid = {F4D48090-5CC5-48BD-805A-D908A5D7D533}
	EndGlobalSection
EndGlobal
